PODS:
  - DLPageMenu (1.2.0)
  - IQKeyboardManagerSwift (5.0.8)
  - SwiftUtils (4.0.1)

DEPENDENCIES:
  - DLPageMenu
  - IQKeyboardManagerSwift (~> 5.0.0)
  - SwiftUtils (~> 4.0)

SPEC CHECKSUMS:
  DLPageMenu: ee79737881774faf06b2ee6d11eb1ab0318589da
  IQKeyboardManagerSwift: 2e7dc7f98c111458c1ea2b373f893e8cf95e2b97
  SwiftUtils: b009d391fb2e285392f114238f8b55d2750b80f0

PODFILE CHECKSUM: e19f9e9c353ba660e4410732a0f754737321dc8b

COCOAPODS: 1.3.1
